
Microsoft Visual Studio Solution File, Format Version 12.00
# Visual Studio Version 17
VisualStudioVersion = 17.6.33815.320
MinimumVisualStudioVersion = 10.0.40219.1
Project("{2150E333-8FDC-42A3-9474-1A3956D46DE8}") = "Services", "Services", "{D48523B4-CCC1-4805-97B4-060DCFA9BB16}"
EndProject
Project("{2150E333-8FDC-42A3-9474-1A3956D46DE8}") = "Catalog", "Catalog", "{A89B7CBD-D27F-4EBF-92D1-57C55CEB69DF}"
EndProject
Project("{9A19103F-16F7-4668-BE54-9A1E7A4F7556}") = "FreeCourse.Services.Catalog", "Services\Catalog\FreeCourse.Services.Catalog\FreeCourse.Services.Catalog.csproj", "{6DF870E2-F6E3-4B10-98C5-E16DEF3D8F2A}"
EndProject
Project("{2150E333-8FDC-42A3-9474-1A3956D46DE8}") = "Solution Items", "Solution Items", "{E9AAD2C8-7F23-482E-AEB0-7B049B3A9564}"
	ProjectSection(SolutionItems) = preProject
		Notes.txt = Notes.txt
		Ports.txt = Ports.txt
	EndProjectSection
EndProject
Project("{2150E333-8FDC-42A3-9474-1A3956D46DE8}") = "Shared", "Shared", "{B8E149F0-EFB3-41B8-A6AF-89ABBF4B4205}"
EndProject
Project("{9A19103F-16F7-4668-BE54-9A1E7A4F7556}") = "FreeCourse.Shared", "Shared\FreeCourse.Shared\FreeCourse.Shared.csproj", "{4561900C-30B1-4BEB-BCE1-A56CFB5DBFC2}"
EndProject
Project("{2150E333-8FDC-42A3-9474-1A3956D46DE8}") = "IdentityServer", "IdentityServer", "{9D26A814-425C-40C0-A5B9-CF6C2FDF4D4E}"
EndProject
Project("{9A19103F-16F7-4668-BE54-9A1E7A4F7556}") = "FreeCourse.IdentityServer", "IdentityServer\FreeCourse.IdentityServer\FreeCourse.IdentityServer.csproj", "{093F7C54-3047-40F8-8EBC-66B8F28D3B05}"
EndProject
Project("{2150E333-8FDC-42A3-9474-1A3956D46DE8}") = "PhotoStock", "PhotoStock", "{422D0092-EB76-4584-9406-8A7C07CDCCF4}"
EndProject
Project("{FAE04EC0-301F-11D3-BF4B-00C04F79EFBC}") = "FreeeCourse.Services.PhotoStock", "Services\PhotoStock\FreeeCourse.Services.PhotoStock\FreeeCourse.Services.PhotoStock.csproj", "{D2170241-E741-43F9-8E42-97804EE67A5A}"
EndProject
Project("{2150E333-8FDC-42A3-9474-1A3956D46DE8}") = "Basket", "Basket", "{C2D440B2-198E-4C5A-B5EB-6ABF2F6EE387}"
EndProject
Project("{FAE04EC0-301F-11D3-BF4B-00C04F79EFBC}") = "FreeCourse.Services.Basket", "Servisec\Basket\FreeCourse.Services.Basket\FreeCourse.Services.Basket.csproj", "{85C4FEAA-9480-46BF-9DE1-A5E0A709C6DF}"
EndProject
Global
	GlobalSection(SolutionConfigurationPlatforms) = preSolution
		Debug|Any CPU = Debug|Any CPU
		Release|Any CPU = Release|Any CPU
	EndGlobalSection
	GlobalSection(ProjectConfigurationPlatforms) = postSolution
		{6DF870E2-F6E3-4B10-98C5-E16DEF3D8F2A}.Debug|Any CPU.ActiveCfg = Debug|Any CPU
		{6DF870E2-F6E3-4B10-98C5-E16DEF3D8F2A}.Debug|Any CPU.Build.0 = Debug|Any CPU
		{6DF870E2-F6E3-4B10-98C5-E16DEF3D8F2A}.Release|Any CPU.ActiveCfg = Release|Any CPU
		{6DF870E2-F6E3-4B10-98C5-E16DEF3D8F2A}.Release|Any CPU.Build.0 = Release|Any CPU
		{4561900C-30B1-4BEB-BCE1-A56CFB5DBFC2}.Debug|Any CPU.ActiveCfg = Debug|Any CPU
		{4561900C-30B1-4BEB-BCE1-A56CFB5DBFC2}.Debug|Any CPU.Build.0 = Debug|Any CPU
		{4561900C-30B1-4BEB-BCE1-A56CFB5DBFC2}.Release|Any CPU.ActiveCfg = Release|Any CPU
		{4561900C-30B1-4BEB-BCE1-A56CFB5DBFC2}.Release|Any CPU.Build.0 = Release|Any CPU
		{093F7C54-3047-40F8-8EBC-66B8F28D3B05}.Debug|Any CPU.ActiveCfg = Debug|Any CPU
		{093F7C54-3047-40F8-8EBC-66B8F28D3B05}.Debug|Any CPU.Build.0 = Debug|Any CPU
		{093F7C54-3047-40F8-8EBC-66B8F28D3B05}.Release|Any CPU.ActiveCfg = Release|Any CPU
		{093F7C54-3047-40F8-8EBC-66B8F28D3B05}.Release|Any CPU.Build.0 = Release|Any CPU
		{D2170241-E741-43F9-8E42-97804EE67A5A}.Debug|Any CPU.ActiveCfg = Debug|Any CPU
		{D2170241-E741-43F9-8E42-97804EE67A5A}.Debug|Any CPU.Build.0 = Debug|Any CPU
		{D2170241-E741-43F9-8E42-97804EE67A5A}.Release|Any CPU.ActiveCfg = Release|Any CPU
		{D2170241-E741-43F9-8E42-97804EE67A5A}.Release|Any CPU.Build.0 = Release|Any CPU
		{85C4FEAA-9480-46BF-9DE1-A5E0A709C6DF}.Debug|Any CPU.ActiveCfg = Debug|Any CPU
		{85C4FEAA-9480-46BF-9DE1-A5E0A709C6DF}.Debug|Any CPU.Build.0 = Debug|Any CPU
		{85C4FEAA-9480-46BF-9DE1-A5E0A709C6DF}.Release|Any CPU.ActiveCfg = Release|Any CPU
		{85C4FEAA-9480-46BF-9DE1-A5E0A709C6DF}.Release|Any CPU.Build.0 = Release|Any CPU
	EndGlobalSection
	GlobalSection(SolutionProperties) = preSolution
		HideSolutionNode = FALSE
	EndGlobalSection
	GlobalSection(NestedProjects) = preSolution
		{A89B7CBD-D27F-4EBF-92D1-57C55CEB69DF} = {D48523B4-CCC1-4805-97B4-060DCFA9BB16}
		{6DF870E2-F6E3-4B10-98C5-E16DEF3D8F2A} = {A89B7CBD-D27F-4EBF-92D1-57C55CEB69DF}
		{4561900C-30B1-4BEB-BCE1-A56CFB5DBFC2} = {B8E149F0-EFB3-41B8-A6AF-89ABBF4B4205}
		{093F7C54-3047-40F8-8EBC-66B8F28D3B05} = {9D26A814-425C-40C0-A5B9-CF6C2FDF4D4E}
		{422D0092-EB76-4584-9406-8A7C07CDCCF4} = {D48523B4-CCC1-4805-97B4-060DCFA9BB16}
		{D2170241-E741-43F9-8E42-97804EE67A5A} = {422D0092-EB76-4584-9406-8A7C07CDCCF4}
		{C2D440B2-198E-4C5A-B5EB-6ABF2F6EE387} = {D48523B4-CCC1-4805-97B4-060DCFA9BB16}
		{85C4FEAA-9480-46BF-9DE1-A5E0A709C6DF} = {C2D440B2-198E-4C5A-B5EB-6ABF2F6EE387}
	EndGlobalSection
	GlobalSection(ExtensibilityGlobals) = postSolution
		SolutionGuid = {A9F66861-3CF6-4097-B1C9-E033C7632CC2}
	EndGlobalSection
EndGlobal
